
Microsoft Visual Studio Solution File, Format Version 12.00
# Visual Studio Version 16
VisualStudioVersion = 16.0.30413.136
MinimumVisualStudioVersion = 10.0.40219.1
Project("{FAE04EC0-301F-11D3-BF4B-00C04F79EFBC}") = "CleanArch", "CleanArch\CleanArch.csproj", "{D9F062F8-7CD5-44B1-BBBA-EC65A41DA43F}"
EndProject
Global
	GlobalSection(SolutionConfigurationPlatforms) = preSolution
		Debug|Any CPU = Debug|Any CPU
		Release|Any CPU = Release|Any CPU
	EndGlobalSection
	GlobalSection(ProjectConfigurationPlatforms) = postSolution
		{D9F062F8-7CD5-44B1-BBBA-EC65A41DA43F}.Debug|Any CPU.ActiveCfg = Debug|Any CPU
		{D9F062F8-7CD5-44B1-BBBA-EC65A41DA43F}.Debug|Any CPU.Build.0 = Debug|Any CPU
		{D9F062F8-7CD5-44B1-BBBA-EC65A41DA43F}.Release|Any CPU.ActiveCfg = Release|Any CPU
		{D9F062F8-7CD5-44B1-BBBA-EC65A41DA43F}.Release|Any CPU.Build.0 = Release|Any CPU
	EndGlobalSection
	GlobalSection(SolutionProperties) = preSolution
		HideSolutionNode = FALSE
	EndGlobalSection
	GlobalSection(ExtensibilityGlobals) = postSolution
		SolutionGuid = {AE8FE08A-191F-4BC3-BF4F-014A0EA94DB8}
	EndGlobalSection
EndGlobal
